
Microsoft Visual Studio Solution File, Format Version 12.00
# Visual Studio Version 16
VisualStudioVersion = 16.0.30114.105
MinimumVisualStudioVersion = 10.0.40219.1
Project("{FAE04EC0-301F-11D3-BF4B-00C04F79EFBC}") = "CodeforcesRound673Div1", "CodeforcesRound673Div1\CodeforcesRound673Div1\CodeforcesRound673Div1.csproj", "{6C3B62B4-1127-4FFB-BF40-D999EFDB2739}"
EndProject
Project("{FAE04EC0-301F-11D3-BF4B-00C04F79EFBC}") = "CodeforcesRound673Div1.Test", "CodeforcesRound673Div1\CodeforcesRound673Div1.Test\CodeforcesRound673Div1.Test.csproj", "{313A213A-D577-40BE-B5D4-57FB2690F8D3}"
EndProject
Global
	GlobalSection(SolutionConfigurationPlatforms) = preSolution
		Debug|Any CPU = Debug|Any CPU
		Release|Any CPU = Release|Any CPU
	EndGlobalSection
	GlobalSection(ProjectConfigurationPlatforms) = postSolution
		{6C3B62B4-1127-4FFB-BF40-D999EFDB2739}.Debug|Any CPU.ActiveCfg = Debug|Any CPU
		{6C3B62B4-1127-4FFB-BF40-D999EFDB2739}.Debug|Any CPU.Build.0 = Debug|Any CPU
		{6C3B62B4-1127-4FFB-BF40-D999EFDB2739}.Release|Any CPU.ActiveCfg = Release|Any CPU
		{6C3B62B4-1127-4FFB-BF40-D999EFDB2739}.Release|Any CPU.Build.0 = Release|Any CPU
		{313A213A-D577-40BE-B5D4-57FB2690F8D3}.Debug|Any CPU.ActiveCfg = Debug|Any CPU
		{313A213A-D577-40BE-B5D4-57FB2690F8D3}.Debug|Any CPU.Build.0 = Debug|Any CPU
		{313A213A-D577-40BE-B5D4-57FB2690F8D3}.Release|Any CPU.ActiveCfg = Release|Any CPU
		{313A213A-D577-40BE-B5D4-57FB2690F8D3}.Release|Any CPU.Build.0 = Release|Any CPU
	EndGlobalSection
	GlobalSection(SolutionProperties) = preSolution
		HideSolutionNode = FALSE
	EndGlobalSection
	GlobalSection(ExtensibilityGlobals) = postSolution
		SolutionGuid = {AB9161BC-EBB5-44FD-BE1C-E7E5EB29CBC1}
	EndGlobalSection
EndGlobal
