
Microsoft Visual Studio Solution File, Format Version 12.00
# Visual Studio Version 16
VisualStudioVersion = 16.0.30114.105
MinimumVisualStudioVersion = 10.0.40219.1
Project("{FAE04EC0-301F-11D3-BF4B-00C04F79EFBC}") = "EducationalCodeforcesRound091", "EducationalCodeforcesRound091\EducationalCodeforcesRound091\EducationalCodeforcesRound091.csproj", "{93F95306-1DA3-4000-9365-B6611BBC956C}"
EndProject
Project("{FAE04EC0-301F-11D3-BF4B-00C04F79EFBC}") = "EducationalCodeforcesRound091.Test", "EducationalCodeforcesRound091\EducationalCodeforcesRound091.Test\EducationalCodeforcesRound091.Test.csproj", "{9C8D4BE9-CEF0-443A-A02E-9728970F4B40}"
EndProject
Global
	GlobalSection(SolutionConfigurationPlatforms) = preSolution
		Debug|Any CPU = Debug|Any CPU
		Release|Any CPU = Release|Any CPU
	EndGlobalSection
	GlobalSection(ProjectConfigurationPlatforms) = postSolution
		{93F95306-1DA3-4000-9365-B6611BBC956C}.Debug|Any CPU.ActiveCfg = Debug|Any CPU
		{93F95306-1DA3-4000-9365-B6611BBC956C}.Debug|Any CPU.Build.0 = Debug|Any CPU
		{93F95306-1DA3-4000-9365-B6611BBC956C}.Release|Any CPU.ActiveCfg = Release|Any CPU
		{93F95306-1DA3-4000-9365-B6611BBC956C}.Release|Any CPU.Build.0 = Release|Any CPU
		{9C8D4BE9-CEF0-443A-A02E-9728970F4B40}.Debug|Any CPU.ActiveCfg = Debug|Any CPU
		{9C8D4BE9-CEF0-443A-A02E-9728970F4B40}.Debug|Any CPU.Build.0 = Debug|Any CPU
		{9C8D4BE9-CEF0-443A-A02E-9728970F4B40}.Release|Any CPU.ActiveCfg = Release|Any CPU
		{9C8D4BE9-CEF0-443A-A02E-9728970F4B40}.Release|Any CPU.Build.0 = Release|Any CPU
	EndGlobalSection
	GlobalSection(SolutionProperties) = preSolution
		HideSolutionNode = FALSE
	EndGlobalSection
	GlobalSection(ExtensibilityGlobals) = postSolution
		SolutionGuid = {EBA8F93A-D3CC-4750-A271-1DD288EC6DB1}
	EndGlobalSection
EndGlobal
