
Microsoft Visual Studio Solution File, Format Version 12.00
# Visual Studio Version 16
VisualStudioVersion = 16.0.30114.105
MinimumVisualStudioVersion = 10.0.40219.1
Project("{FAE04EC0-301F-11D3-BF4B-00C04F79EFBC}") = "CodeforcesRound644Div3", "CodeforcesRound644Div3\CodeforcesRound644Div3\CodeforcesRound644Div3.csproj", "{83F85B04-68EC-41A4-A82B-F2589B7B7492}"
EndProject
Project("{FAE04EC0-301F-11D3-BF4B-00C04F79EFBC}") = "CodeforcesRound644Div3.Test", "CodeforcesRound644Div3\CodeforcesRound644Div3.Test\CodeforcesRound644Div3.Test.csproj", "{5330B117-DDF1-4DB0-88BE-F461A4CCCFD3}"
EndProject
Global
	GlobalSection(SolutionConfigurationPlatforms) = preSolution
		Debug|Any CPU = Debug|Any CPU
		Release|Any CPU = Release|Any CPU
	EndGlobalSection
	GlobalSection(ProjectConfigurationPlatforms) = postSolution
		{83F85B04-68EC-41A4-A82B-F2589B7B7492}.Debug|Any CPU.ActiveCfg = Debug|Any CPU
		{83F85B04-68EC-41A4-A82B-F2589B7B7492}.Debug|Any CPU.Build.0 = Debug|Any CPU
		{83F85B04-68EC-41A4-A82B-F2589B7B7492}.Release|Any CPU.ActiveCfg = Release|Any CPU
		{83F85B04-68EC-41A4-A82B-F2589B7B7492}.Release|Any CPU.Build.0 = Release|Any CPU
		{5330B117-DDF1-4DB0-88BE-F461A4CCCFD3}.Debug|Any CPU.ActiveCfg = Debug|Any CPU
		{5330B117-DDF1-4DB0-88BE-F461A4CCCFD3}.Debug|Any CPU.Build.0 = Debug|Any CPU
		{5330B117-DDF1-4DB0-88BE-F461A4CCCFD3}.Release|Any CPU.ActiveCfg = Release|Any CPU
		{5330B117-DDF1-4DB0-88BE-F461A4CCCFD3}.Release|Any CPU.Build.0 = Release|Any CPU
	EndGlobalSection
	GlobalSection(SolutionProperties) = preSolution
		HideSolutionNode = FALSE
	EndGlobalSection
	GlobalSection(ExtensibilityGlobals) = postSolution
		SolutionGuid = {A502A1B3-E68B-4ED8-A269-C5E1E07B4729}
	EndGlobalSection
EndGlobal
