
Microsoft Visual Studio Solution File, Format Version 12.00
# Visual Studio Version 16
VisualStudioVersion = 16.0.30011.22
MinimumVisualStudioVersion = 10.0.40219.1
Project("{FAE04EC0-301F-11D3-BF4B-00C04F79EFBC}") = "EducationalCodeforcesRound87", "EducationalCodeforcesRound87\EducationalCodeforcesRound87\EducationalCodeforcesRound87.csproj", "{73DDC83C-C450-4607-BB16-DB9B25891089}"
EndProject
Project("{FAE04EC0-301F-11D3-BF4B-00C04F79EFBC}") = "EducationalCodeforcesRound87.Test", "EducationalCodeforcesRound87\EducationalCodeforcesRound87.Test\EducationalCodeforcesRound87.Test.csproj", "{A443B117-99EC-4980-9CEC-599534942450}"
EndProject
Global
	GlobalSection(SolutionConfigurationPlatforms) = preSolution
		Debug|Any CPU = Debug|Any CPU
		Release|Any CPU = Release|Any CPU
	EndGlobalSection
	GlobalSection(ProjectConfigurationPlatforms) = postSolution
		{73DDC83C-C450-4607-BB16-DB9B25891089}.Debug|Any CPU.ActiveCfg = Debug|Any CPU
		{73DDC83C-C450-4607-BB16-DB9B25891089}.Debug|Any CPU.Build.0 = Debug|Any CPU
		{73DDC83C-C450-4607-BB16-DB9B25891089}.Release|Any CPU.ActiveCfg = Release|Any CPU
		{73DDC83C-C450-4607-BB16-DB9B25891089}.Release|Any CPU.Build.0 = Release|Any CPU
		{A443B117-99EC-4980-9CEC-599534942450}.Debug|Any CPU.ActiveCfg = Debug|Any CPU
		{A443B117-99EC-4980-9CEC-599534942450}.Debug|Any CPU.Build.0 = Debug|Any CPU
		{A443B117-99EC-4980-9CEC-599534942450}.Release|Any CPU.ActiveCfg = Release|Any CPU
		{A443B117-99EC-4980-9CEC-599534942450}.Release|Any CPU.Build.0 = Release|Any CPU
	EndGlobalSection
	GlobalSection(SolutionProperties) = preSolution
		HideSolutionNode = FALSE
	EndGlobalSection
	GlobalSection(ExtensibilityGlobals) = postSolution
		SolutionGuid = {2224C075-D1A1-460A-B42C-B7E619366890}
	EndGlobalSection
EndGlobal
