
Microsoft Visual Studio Solution File, Format Version 12.00
# Visual Studio Version 16
VisualStudioVersion = 16.0.30114.105
MinimumVisualStudioVersion = 10.0.40219.1
Project("{FAE04EC0-301F-11D3-BF4B-00C04F79EFBC}") = "EducationalCodeforcesRound090", "EducationalCodeforcesRound090\EducationalCodeforcesRound090\EducationalCodeforcesRound090.csproj", "{FF10BB87-8D29-45E3-B3C0-8CFC159AE99C}"
EndProject
Project("{FAE04EC0-301F-11D3-BF4B-00C04F79EFBC}") = "EducationalCodeforcesRound090.Test", "EducationalCodeforcesRound090\EducationalCodeforcesRound090.Test\EducationalCodeforcesRound090.Test.csproj", "{DD4158FA-2C68-44BA-9356-214DA18F0B26}"
EndProject
Global
	GlobalSection(SolutionConfigurationPlatforms) = preSolution
		Debug|Any CPU = Debug|Any CPU
		Release|Any CPU = Release|Any CPU
	EndGlobalSection
	GlobalSection(ProjectConfigurationPlatforms) = postSolution
		{FF10BB87-8D29-45E3-B3C0-8CFC159AE99C}.Debug|Any CPU.ActiveCfg = Debug|Any CPU
		{FF10BB87-8D29-45E3-B3C0-8CFC159AE99C}.Debug|Any CPU.Build.0 = Debug|Any CPU
		{FF10BB87-8D29-45E3-B3C0-8CFC159AE99C}.Release|Any CPU.ActiveCfg = Release|Any CPU
		{FF10BB87-8D29-45E3-B3C0-8CFC159AE99C}.Release|Any CPU.Build.0 = Release|Any CPU
		{DD4158FA-2C68-44BA-9356-214DA18F0B26}.Debug|Any CPU.ActiveCfg = Debug|Any CPU
		{DD4158FA-2C68-44BA-9356-214DA18F0B26}.Debug|Any CPU.Build.0 = Debug|Any CPU
		{DD4158FA-2C68-44BA-9356-214DA18F0B26}.Release|Any CPU.ActiveCfg = Release|Any CPU
		{DD4158FA-2C68-44BA-9356-214DA18F0B26}.Release|Any CPU.Build.0 = Release|Any CPU
	EndGlobalSection
	GlobalSection(SolutionProperties) = preSolution
		HideSolutionNode = FALSE
	EndGlobalSection
	GlobalSection(ExtensibilityGlobals) = postSolution
		SolutionGuid = {EE87170B-7C3F-4958-9B3F-501E93FEC272}
	EndGlobalSection
EndGlobal
