
Microsoft Visual Studio Solution File, Format Version 12.00
# Visual Studio Version 16
VisualStudioVersion = 16.0.30011.22
MinimumVisualStudioVersion = 10.0.40219.1
Project("{FAE04EC0-301F-11D3-BF4B-00C04F79EFBC}") = "CodeforcesRound639Div2", "CodeforcesRound639Div2\CodeforcesRound639Div2\CodeforcesRound639Div2.csproj", "{6FA663B3-ECA4-418A-980F-DF6A8F1EA949}"
EndProject
Project("{FAE04EC0-301F-11D3-BF4B-00C04F79EFBC}") = "CodeforcesRound639Div2.Test", "CodeforcesRound639Div2\CodeforcesRound639Div2.Test\CodeforcesRound639Div2.Test.csproj", "{64AEF747-48AA-4C6D-879F-CF32C5875319}"
EndProject
Global
	GlobalSection(SolutionConfigurationPlatforms) = preSolution
		Debug|Any CPU = Debug|Any CPU
		Release|Any CPU = Release|Any CPU
	EndGlobalSection
	GlobalSection(ProjectConfigurationPlatforms) = postSolution
		{6FA663B3-ECA4-418A-980F-DF6A8F1EA949}.Debug|Any CPU.ActiveCfg = Debug|Any CPU
		{6FA663B3-ECA4-418A-980F-DF6A8F1EA949}.Debug|Any CPU.Build.0 = Debug|Any CPU
		{6FA663B3-ECA4-418A-980F-DF6A8F1EA949}.Release|Any CPU.ActiveCfg = Release|Any CPU
		{6FA663B3-ECA4-418A-980F-DF6A8F1EA949}.Release|Any CPU.Build.0 = Release|Any CPU
		{64AEF747-48AA-4C6D-879F-CF32C5875319}.Debug|Any CPU.ActiveCfg = Debug|Any CPU
		{64AEF747-48AA-4C6D-879F-CF32C5875319}.Debug|Any CPU.Build.0 = Debug|Any CPU
		{64AEF747-48AA-4C6D-879F-CF32C5875319}.Release|Any CPU.ActiveCfg = Release|Any CPU
		{64AEF747-48AA-4C6D-879F-CF32C5875319}.Release|Any CPU.Build.0 = Release|Any CPU
	EndGlobalSection
	GlobalSection(SolutionProperties) = preSolution
		HideSolutionNode = FALSE
	EndGlobalSection
	GlobalSection(ExtensibilityGlobals) = postSolution
		SolutionGuid = {B4742162-9B4A-464A-B6B2-39F01D8339F3}
	EndGlobalSection
EndGlobal
