
Microsoft Visual Studio Solution File, Format Version 12.00
# Visual Studio Version 16
VisualStudioVersion = 16.0.30114.105
MinimumVisualStudioVersion = 10.0.40219.1
Project("{FAE04EC0-301F-11D3-BF4B-00C04F79EFBC}") = "EducationalCodeforcesRound94", "EducationalCodeforcesRound94\EducationalCodeforcesRound94\EducationalCodeforcesRound94.csproj", "{BDBC742D-0D0C-4A51-A47F-C046F043C003}"
EndProject
Project("{FAE04EC0-301F-11D3-BF4B-00C04F79EFBC}") = "EducationalCodeforcesRound94.Test", "EducationalCodeforcesRound94\EducationalCodeforcesRound94.Test\EducationalCodeforcesRound94.Test.csproj", "{8F7618BE-106D-419F-8357-E598E7924E59}"
EndProject
Global
	GlobalSection(SolutionConfigurationPlatforms) = preSolution
		Debug|Any CPU = Debug|Any CPU
		Release|Any CPU = Release|Any CPU
	EndGlobalSection
	GlobalSection(ProjectConfigurationPlatforms) = postSolution
		{BDBC742D-0D0C-4A51-A47F-C046F043C003}.Debug|Any CPU.ActiveCfg = Debug|Any CPU
		{BDBC742D-0D0C-4A51-A47F-C046F043C003}.Debug|Any CPU.Build.0 = Debug|Any CPU
		{BDBC742D-0D0C-4A51-A47F-C046F043C003}.Release|Any CPU.ActiveCfg = Release|Any CPU
		{BDBC742D-0D0C-4A51-A47F-C046F043C003}.Release|Any CPU.Build.0 = Release|Any CPU
		{8F7618BE-106D-419F-8357-E598E7924E59}.Debug|Any CPU.ActiveCfg = Debug|Any CPU
		{8F7618BE-106D-419F-8357-E598E7924E59}.Debug|Any CPU.Build.0 = Debug|Any CPU
		{8F7618BE-106D-419F-8357-E598E7924E59}.Release|Any CPU.ActiveCfg = Release|Any CPU
		{8F7618BE-106D-419F-8357-E598E7924E59}.Release|Any CPU.Build.0 = Release|Any CPU
	EndGlobalSection
	GlobalSection(SolutionProperties) = preSolution
		HideSolutionNode = FALSE
	EndGlobalSection
	GlobalSection(ExtensibilityGlobals) = postSolution
		SolutionGuid = {08B2AB9E-A09E-443D-AAF3-B86323455459}
	EndGlobalSection
EndGlobal
