
Microsoft Visual Studio Solution File, Format Version 12.00
# Visual Studio Version 16
VisualStudioVersion = 16.0.30114.105
MinimumVisualStudioVersion = 10.0.40219.1
Project("{FAE04EC0-301F-11D3-BF4B-00C04F79EFBC}") = "CodeforcesRound664Div1", "CodeforcesRound664Div1\CodeforcesRound664Div1\CodeforcesRound664Div1.csproj", "{EF67ED94-EF73-48DF-B0B3-D21282FA7074}"
EndProject
Project("{FAE04EC0-301F-11D3-BF4B-00C04F79EFBC}") = "CodeforcesRound664Div1.Test", "CodeforcesRound664Div1\CodeforcesRound664Div1.Test\CodeforcesRound664Div1.Test.csproj", "{851E64D9-6EEA-4E90-9ECE-BD0F06108E30}"
EndProject
Global
	GlobalSection(SolutionConfigurationPlatforms) = preSolution
		Debug|Any CPU = Debug|Any CPU
		Release|Any CPU = Release|Any CPU
	EndGlobalSection
	GlobalSection(ProjectConfigurationPlatforms) = postSolution
		{EF67ED94-EF73-48DF-B0B3-D21282FA7074}.Debug|Any CPU.ActiveCfg = Debug|Any CPU
		{EF67ED94-EF73-48DF-B0B3-D21282FA7074}.Debug|Any CPU.Build.0 = Debug|Any CPU
		{EF67ED94-EF73-48DF-B0B3-D21282FA7074}.Release|Any CPU.ActiveCfg = Release|Any CPU
		{EF67ED94-EF73-48DF-B0B3-D21282FA7074}.Release|Any CPU.Build.0 = Release|Any CPU
		{851E64D9-6EEA-4E90-9ECE-BD0F06108E30}.Debug|Any CPU.ActiveCfg = Debug|Any CPU
		{851E64D9-6EEA-4E90-9ECE-BD0F06108E30}.Debug|Any CPU.Build.0 = Debug|Any CPU
		{851E64D9-6EEA-4E90-9ECE-BD0F06108E30}.Release|Any CPU.ActiveCfg = Release|Any CPU
		{851E64D9-6EEA-4E90-9ECE-BD0F06108E30}.Release|Any CPU.Build.0 = Release|Any CPU
	EndGlobalSection
	GlobalSection(SolutionProperties) = preSolution
		HideSolutionNode = FALSE
	EndGlobalSection
	GlobalSection(ExtensibilityGlobals) = postSolution
		SolutionGuid = {46B42A3C-6D64-4FA9-953F-ABA7AC6BB8F6}
	EndGlobalSection
EndGlobal
