
Microsoft Visual Studio Solution File, Format Version 12.00
# Visual Studio Version 16
VisualStudioVersion = 16.0.30114.105
MinimumVisualStudioVersion = 10.0.40219.1
Project("{FAE04EC0-301F-11D3-BF4B-00C04F79EFBC}") = "CodeforcesRound654Div2", "CodeforcesRound654Div2\CodeforcesRound654Div2\CodeforcesRound654Div2.csproj", "{E67D3541-7E32-4E0A-80DA-6C8062356C17}"
EndProject
Project("{FAE04EC0-301F-11D3-BF4B-00C04F79EFBC}") = "CodeforcesRound654Div2.Test", "CodeforcesRound654Div2\CodeforcesRound654Div2.Test\CodeforcesRound654Div2.Test.csproj", "{BB268CB8-6E73-4C18-9AA6-A940DCEE9DE7}"
EndProject
Global
	GlobalSection(SolutionConfigurationPlatforms) = preSolution
		Debug|Any CPU = Debug|Any CPU
		Release|Any CPU = Release|Any CPU
	EndGlobalSection
	GlobalSection(ProjectConfigurationPlatforms) = postSolution
		{E67D3541-7E32-4E0A-80DA-6C8062356C17}.Debug|Any CPU.ActiveCfg = Debug|Any CPU
		{E67D3541-7E32-4E0A-80DA-6C8062356C17}.Debug|Any CPU.Build.0 = Debug|Any CPU
		{E67D3541-7E32-4E0A-80DA-6C8062356C17}.Release|Any CPU.ActiveCfg = Release|Any CPU
		{E67D3541-7E32-4E0A-80DA-6C8062356C17}.Release|Any CPU.Build.0 = Release|Any CPU
		{BB268CB8-6E73-4C18-9AA6-A940DCEE9DE7}.Debug|Any CPU.ActiveCfg = Debug|Any CPU
		{BB268CB8-6E73-4C18-9AA6-A940DCEE9DE7}.Debug|Any CPU.Build.0 = Debug|Any CPU
		{BB268CB8-6E73-4C18-9AA6-A940DCEE9DE7}.Release|Any CPU.ActiveCfg = Release|Any CPU
		{BB268CB8-6E73-4C18-9AA6-A940DCEE9DE7}.Release|Any CPU.Build.0 = Release|Any CPU
	EndGlobalSection
	GlobalSection(SolutionProperties) = preSolution
		HideSolutionNode = FALSE
	EndGlobalSection
	GlobalSection(ExtensibilityGlobals) = postSolution
		SolutionGuid = {4E6F9886-F5AC-4815-828C-A4F5CE65C696}
	EndGlobalSection
EndGlobal
