
Microsoft Visual Studio Solution File, Format Version 12.00
# Visual Studio Version 16
VisualStudioVersion = 16.0.30114.105
MinimumVisualStudioVersion = 10.0.40219.1
Project("{FAE04EC0-301F-11D3-BF4B-00C04F79EFBC}") = "CodeforcesGlobalRound10", "CodeforcesGlobalRound10\CodeforcesGlobalRound10\CodeforcesGlobalRound10.csproj", "{61B154CB-3597-4F98-B31C-21565C43B7F1}"
EndProject
Project("{FAE04EC0-301F-11D3-BF4B-00C04F79EFBC}") = "CodeforcesGlobalRound10.Test", "CodeforcesGlobalRound10\CodeforcesGlobalRound10.Test\CodeforcesGlobalRound10.Test.csproj", "{20FA992B-3EA2-4D8D-AE4D-26D96A80847B}"
EndProject
Global
	GlobalSection(SolutionConfigurationPlatforms) = preSolution
		Debug|Any CPU = Debug|Any CPU
		Release|Any CPU = Release|Any CPU
	EndGlobalSection
	GlobalSection(ProjectConfigurationPlatforms) = postSolution
		{61B154CB-3597-4F98-B31C-21565C43B7F1}.Debug|Any CPU.ActiveCfg = Debug|Any CPU
		{61B154CB-3597-4F98-B31C-21565C43B7F1}.Debug|Any CPU.Build.0 = Debug|Any CPU
		{61B154CB-3597-4F98-B31C-21565C43B7F1}.Release|Any CPU.ActiveCfg = Release|Any CPU
		{61B154CB-3597-4F98-B31C-21565C43B7F1}.Release|Any CPU.Build.0 = Release|Any CPU
		{20FA992B-3EA2-4D8D-AE4D-26D96A80847B}.Debug|Any CPU.ActiveCfg = Debug|Any CPU
		{20FA992B-3EA2-4D8D-AE4D-26D96A80847B}.Debug|Any CPU.Build.0 = Debug|Any CPU
		{20FA992B-3EA2-4D8D-AE4D-26D96A80847B}.Release|Any CPU.ActiveCfg = Release|Any CPU
		{20FA992B-3EA2-4D8D-AE4D-26D96A80847B}.Release|Any CPU.Build.0 = Release|Any CPU
	EndGlobalSection
	GlobalSection(SolutionProperties) = preSolution
		HideSolutionNode = FALSE
	EndGlobalSection
	GlobalSection(ExtensibilityGlobals) = postSolution
		SolutionGuid = {622FEB91-A6F2-41C8-8588-8D95209E5418}
	EndGlobalSection
EndGlobal
