
Microsoft Visual Studio Solution File, Format Version 12.00
# Visual Studio Version 16
VisualStudioVersion = 16.0.30114.105
MinimumVisualStudioVersion = 10.0.40219.1
Project("{FAE04EC0-301F-11D3-BF4B-00C04F79EFBC}") = "CodeforcesRound667", "CodeforcesRound667\CodeforcesRound667\CodeforcesRound667.csproj", "{284F36C5-76BD-400E-8EAF-7F655070C5E5}"
EndProject
Project("{FAE04EC0-301F-11D3-BF4B-00C04F79EFBC}") = "CodeforcesRound667.Test", "CodeforcesRound667\CodeforcesRound667.Test\CodeforcesRound667.Test.csproj", "{5590B59E-47BF-4961-B57F-157967B021A9}"
EndProject
Global
	GlobalSection(SolutionConfigurationPlatforms) = preSolution
		Debug|Any CPU = Debug|Any CPU
		Release|Any CPU = Release|Any CPU
	EndGlobalSection
	GlobalSection(ProjectConfigurationPlatforms) = postSolution
		{284F36C5-76BD-400E-8EAF-7F655070C5E5}.Debug|Any CPU.ActiveCfg = Debug|Any CPU
		{284F36C5-76BD-400E-8EAF-7F655070C5E5}.Debug|Any CPU.Build.0 = Debug|Any CPU
		{284F36C5-76BD-400E-8EAF-7F655070C5E5}.Release|Any CPU.ActiveCfg = Release|Any CPU
		{284F36C5-76BD-400E-8EAF-7F655070C5E5}.Release|Any CPU.Build.0 = Release|Any CPU
		{5590B59E-47BF-4961-B57F-157967B021A9}.Debug|Any CPU.ActiveCfg = Debug|Any CPU
		{5590B59E-47BF-4961-B57F-157967B021A9}.Debug|Any CPU.Build.0 = Debug|Any CPU
		{5590B59E-47BF-4961-B57F-157967B021A9}.Release|Any CPU.ActiveCfg = Release|Any CPU
		{5590B59E-47BF-4961-B57F-157967B021A9}.Release|Any CPU.Build.0 = Release|Any CPU
	EndGlobalSection
	GlobalSection(SolutionProperties) = preSolution
		HideSolutionNode = FALSE
	EndGlobalSection
	GlobalSection(ExtensibilityGlobals) = postSolution
		SolutionGuid = {374687A3-A424-40E4-9614-A9E70452EDA9}
	EndGlobalSection
EndGlobal
