
Microsoft Visual Studio Solution File, Format Version 12.00
# Visual Studio Version 16
VisualStudioVersion = 16.0.30114.105
MinimumVisualStudioVersion = 10.0.40219.1
Project("{FAE04EC0-301F-11D3-BF4B-00C04F79EFBC}") = "CodeforcesRound655Div2", "CodeforcesRound655Div2\CodeforcesRound655Div2\CodeforcesRound655Div2.csproj", "{50D592A4-F089-4C92-9D34-DBBC0315C04C}"
EndProject
Project("{FAE04EC0-301F-11D3-BF4B-00C04F79EFBC}") = "CodeforcesRound655Div2.Test", "CodeforcesRound655Div2\CodeforcesRound655Div2.Test\CodeforcesRound655Div2.Test.csproj", "{4AC7244A-6BAB-42AB-91D5-EFC75458A983}"
EndProject
Global
	GlobalSection(SolutionConfigurationPlatforms) = preSolution
		Debug|Any CPU = Debug|Any CPU
		Release|Any CPU = Release|Any CPU
	EndGlobalSection
	GlobalSection(ProjectConfigurationPlatforms) = postSolution
		{50D592A4-F089-4C92-9D34-DBBC0315C04C}.Debug|Any CPU.ActiveCfg = Debug|Any CPU
		{50D592A4-F089-4C92-9D34-DBBC0315C04C}.Debug|Any CPU.Build.0 = Debug|Any CPU
		{50D592A4-F089-4C92-9D34-DBBC0315C04C}.Release|Any CPU.ActiveCfg = Release|Any CPU
		{50D592A4-F089-4C92-9D34-DBBC0315C04C}.Release|Any CPU.Build.0 = Release|Any CPU
		{4AC7244A-6BAB-42AB-91D5-EFC75458A983}.Debug|Any CPU.ActiveCfg = Debug|Any CPU
		{4AC7244A-6BAB-42AB-91D5-EFC75458A983}.Debug|Any CPU.Build.0 = Debug|Any CPU
		{4AC7244A-6BAB-42AB-91D5-EFC75458A983}.Release|Any CPU.ActiveCfg = Release|Any CPU
		{4AC7244A-6BAB-42AB-91D5-EFC75458A983}.Release|Any CPU.Build.0 = Release|Any CPU
	EndGlobalSection
	GlobalSection(SolutionProperties) = preSolution
		HideSolutionNode = FALSE
	EndGlobalSection
	GlobalSection(ExtensibilityGlobals) = postSolution
		SolutionGuid = {23431A5A-1127-44B1-AECB-B871ABD5579C}
	EndGlobalSection
EndGlobal
