
Microsoft Visual Studio Solution File, Format Version 12.00
# Visual Studio Version 16
VisualStudioVersion = 16.0.30114.105
MinimumVisualStudioVersion = 10.0.40219.1
Project("{FAE04EC0-301F-11D3-BF4B-00C04F79EFBC}") = "CodeforcesGlobalRound9", "CodeforcesGlobalRound9\CodeforcesGlobalRound9\CodeforcesGlobalRound9.csproj", "{A66E7B9F-A76F-4871-AB4C-6AE8B826A903}"
EndProject
Project("{FAE04EC0-301F-11D3-BF4B-00C04F79EFBC}") = "CodeforcesGlobalRound9.Test", "CodeforcesGlobalRound9\CodeforcesGlobalRound9.Test\CodeforcesGlobalRound9.Test.csproj", "{1B2FBF7E-021A-4C6D-951F-241D0C5842E5}"
EndProject
Global
	GlobalSection(SolutionConfigurationPlatforms) = preSolution
		Debug|Any CPU = Debug|Any CPU
		Release|Any CPU = Release|Any CPU
	EndGlobalSection
	GlobalSection(ProjectConfigurationPlatforms) = postSolution
		{A66E7B9F-A76F-4871-AB4C-6AE8B826A903}.Debug|Any CPU.ActiveCfg = Debug|Any CPU
		{A66E7B9F-A76F-4871-AB4C-6AE8B826A903}.Debug|Any CPU.Build.0 = Debug|Any CPU
		{A66E7B9F-A76F-4871-AB4C-6AE8B826A903}.Release|Any CPU.ActiveCfg = Release|Any CPU
		{A66E7B9F-A76F-4871-AB4C-6AE8B826A903}.Release|Any CPU.Build.0 = Release|Any CPU
		{1B2FBF7E-021A-4C6D-951F-241D0C5842E5}.Debug|Any CPU.ActiveCfg = Debug|Any CPU
		{1B2FBF7E-021A-4C6D-951F-241D0C5842E5}.Debug|Any CPU.Build.0 = Debug|Any CPU
		{1B2FBF7E-021A-4C6D-951F-241D0C5842E5}.Release|Any CPU.ActiveCfg = Release|Any CPU
		{1B2FBF7E-021A-4C6D-951F-241D0C5842E5}.Release|Any CPU.Build.0 = Release|Any CPU
	EndGlobalSection
	GlobalSection(SolutionProperties) = preSolution
		HideSolutionNode = FALSE
	EndGlobalSection
	GlobalSection(ExtensibilityGlobals) = postSolution
		SolutionGuid = {83F8EDDF-7E1A-49BF-AC45-0BA07626D615}
	EndGlobalSection
EndGlobal
