
Microsoft Visual Studio Solution File, Format Version 12.00
# Visual Studio Version 16
VisualStudioVersion = 16.0.30114.105
MinimumVisualStudioVersion = 10.0.40219.1
Project("{FAE04EC0-301F-11D3-BF4B-00C04F79EFBC}") = "CodeforcesRound671Div2", "CodeforcesRound671Div2\CodeforcesRound671Div2\CodeforcesRound671Div2.csproj", "{B1F7E301-4B05-4C0D-A391-A3D23876F07B}"
EndProject
Project("{FAE04EC0-301F-11D3-BF4B-00C04F79EFBC}") = "CodeforcesRound671Div2.Test", "CodeforcesRound671Div2\CodeforcesRound671Div2.Test\CodeforcesRound671Div2.Test.csproj", "{DFC9687D-4381-4AFC-811B-D58D8F24F534}"
EndProject
Global
	GlobalSection(SolutionConfigurationPlatforms) = preSolution
		Debug|Any CPU = Debug|Any CPU
		Release|Any CPU = Release|Any CPU
	EndGlobalSection
	GlobalSection(ProjectConfigurationPlatforms) = postSolution
		{B1F7E301-4B05-4C0D-A391-A3D23876F07B}.Debug|Any CPU.ActiveCfg = Debug|Any CPU
		{B1F7E301-4B05-4C0D-A391-A3D23876F07B}.Debug|Any CPU.Build.0 = Debug|Any CPU
		{B1F7E301-4B05-4C0D-A391-A3D23876F07B}.Release|Any CPU.ActiveCfg = Release|Any CPU
		{B1F7E301-4B05-4C0D-A391-A3D23876F07B}.Release|Any CPU.Build.0 = Release|Any CPU
		{DFC9687D-4381-4AFC-811B-D58D8F24F534}.Debug|Any CPU.ActiveCfg = Debug|Any CPU
		{DFC9687D-4381-4AFC-811B-D58D8F24F534}.Debug|Any CPU.Build.0 = Debug|Any CPU
		{DFC9687D-4381-4AFC-811B-D58D8F24F534}.Release|Any CPU.ActiveCfg = Release|Any CPU
		{DFC9687D-4381-4AFC-811B-D58D8F24F534}.Release|Any CPU.Build.0 = Release|Any CPU
	EndGlobalSection
	GlobalSection(SolutionProperties) = preSolution
		HideSolutionNode = FALSE
	EndGlobalSection
	GlobalSection(ExtensibilityGlobals) = postSolution
		SolutionGuid = {81A7F21E-4CE3-4EED-98B4-F70BB566AEA0}
	EndGlobalSection
EndGlobal
